
Microsoft Visual Studio Solution File, Format Version 12.00
# Visual Studio Version 17
VisualStudioVersion = 17.8.34322.80
MinimumVisualStudioVersion = 10.0.40219.1
Project("{9A19103F-16F7-4668-BE54-9A1E7A4F7556}") = "StudentAdmissions.UI", "StudentAdmissions.UI\StudentAdmissions.UI.csproj", "{7788A0BB-4B9A-4ACC-80FD-E67AD5EE3A2A}"
EndProject
Project("{9A19103F-16F7-4668-BE54-9A1E7A4F7556}") = "StudentAdmissions.Application", "StudentAdmissions.Application\StudentAdmissions.Application.csproj", "{CA7B8912-31F6-410E-AE28-C8D61399217D}"
EndProject
Global
	GlobalSection(SolutionConfigurationPlatforms) = preSolution
		Debug|Any CPU = Debug|Any CPU
		Release|Any CPU = Release|Any CPU
	EndGlobalSection
	GlobalSection(ProjectConfigurationPlatforms) = postSolution
		{7788A0BB-4B9A-4ACC-80FD-E67AD5EE3A2A}.Debug|Any CPU.ActiveCfg = Debug|Any CPU
		{7788A0BB-4B9A-4ACC-80FD-E67AD5EE3A2A}.Debug|Any CPU.Build.0 = Debug|Any CPU
		{7788A0BB-4B9A-4ACC-80FD-E67AD5EE3A2A}.Release|Any CPU.ActiveCfg = Release|Any CPU
		{7788A0BB-4B9A-4ACC-80FD-E67AD5EE3A2A}.Release|Any CPU.Build.0 = Release|Any CPU
		{CA7B8912-31F6-410E-AE28-C8D61399217D}.Debug|Any CPU.ActiveCfg = Debug|Any CPU
		{CA7B8912-31F6-410E-AE28-C8D61399217D}.Debug|Any CPU.Build.0 = Debug|Any CPU
		{CA7B8912-31F6-410E-AE28-C8D61399217D}.Release|Any CPU.ActiveCfg = Release|Any CPU
		{CA7B8912-31F6-410E-AE28-C8D61399217D}.Release|Any CPU.Build.0 = Release|Any CPU
	EndGlobalSection
	GlobalSection(SolutionProperties) = preSolution
		HideSolutionNode = FALSE
	EndGlobalSection
	GlobalSection(ExtensibilityGlobals) = postSolution
		SolutionGuid = {BB797EBD-0C05-461A-8DE4-6533A0DE91F1}
	EndGlobalSection
EndGlobal
